{
  "name": "temp",
  "version": "1.0.0",
  "lockfileVersion": 3,
  "requires": true,
  "packages": {
    "": {
      "name": "temp",
      "version": "1.0.0",
      "license": "ISC",
      "dependencies": {
        "lottie-web": "^5.12.2",
        "svg-parser": "^2.0.4",
        "svg2json": "^2.0.0"
      }
    },
    "node_modules/lottie-web": {
      "version": "5.12.2",
      "resolved": "https://registry.npmjs.org/lottie-web/-/lottie-web-5.12.2.tgz",
      "integrity": "sha512-uvhvYPC8kGPjXT3MyKMrL3JitEAmDMp30lVkuq/590Mw9ok6pWcFCwXJveo0t5uqYw1UREQHofD+jVpdjBv8wg==",
      "license": "MIT"
    },
    "node_modules/svg-parser": {
      "version": "2.0.4",
      "resolved": "https://registry.npmjs.org/svg-parser/-/svg-parser-2.0.4.tgz",
      "integrity": "sha512-e4hG1hRwoOdRb37cIMSgzNsxyzKfayW6VOflrwvR+/bzrkyxY/31WkbgnQpgtrNp1SdpJvpUAGTa/ZoiPNDuRQ==",
      "license": "MIT"
    },
    "node_modules/svg2json": {
      "version": "2.0.0",
      "resolved": "https://registry.npmjs.org/svg2json/-/svg2json-2.0.0.tgz",
      "integrity": "sha512-zn0LbP6/bvUQc/FqbFHVn+kA9b9mU4t3oezWLVyuVLqXJGYIZcqg3HitBvnfiLJnY287F+3lJjD4x86T1YglAA==",
      "deprecated": "Package no longer supported. Contact support@npmjs.com for more info.",
      "license": "ISC"
    }
  }
}
